{
  "name": "sensors",
  "version": "1.0.0",
  "lockfileVersion": 1,
  "requires": true,
  "dependencies": {
    "sa-sdk-javascript": {
      "version": "1.14.8",
      "resolved": "https://registry.npmjs.org/sa-sdk-javascript/-/sa-sdk-javascript-1.14.8.tgz",
      "integrity": "sha512-fpDRJHgA7JJerINTHku/5qq+CVn2jRgJXG8jq7De6BiK/cePIwFe1ExLa/om31CCox0dUZDMnPbMnrdKTqoNIw=="
    }
  }
}
